# THIS IS AN AUTOGENERATED FILE. DO NOT EDIT THIS FILE DIRECTLY.
# yarn lockfile v1


"@workos-inc/node@^1.6.0":
  version "1.6.0"
  resolved "https://registry.npmjs.org/@workos-inc/node/-/node-1.6.0.tgz"
  dependencies:
    axios "0.21.4"
    pluralize "8.0.0"
    query-string "7.0.1"

accepts@~1.3.5:
  version "1.3.7"
  resolved "https://registry.npmjs.org/accepts/-/accepts-1.3.7.tgz"
  dependencies:
    mime-types "~2.1.24"
    negotiator "0.6.2"

ansi-styles@^4.1.0:
  version "4.3.0"
  resolved "https://registry.yarnpkg.com/ansi-styles/-/ansi-styles-4.3.0.tgz#edd803628ae71c04c85ae7a0906edad34b648937"
  dependencies:
    color-convert "^2.0.1"

array-flatten@1.1.1:
  version "1.1.1"
  resolved "https://registry.npmjs.org/array-flatten/-/array-flatten-1.1.1.tgz"

async@^3.2.3:
  version "3.2.4"
  resolved "https://registry.yarnpkg.com/async/-/async-3.2.4.tgz#2d22e00f8cddeb5fde5dd33522b56d1cf569a81c"

axios@0.21.4:
  version "0.21.4"
  resolved "https://registry.npmjs.org/axios/-/axios-0.21.4.tgz"
  dependencies:
    follow-redirects "^1.14.0"

balanced-match@^1.0.0:
  version "1.0.2"
  resolved "https://registry.npmjs.org/balanced-match/-/balanced-match-1.0.2.tgz"

basic-auth@~2.0.0:
  version "2.0.1"
  resolved "https://registry.npmjs.org/basic-auth/-/basic-auth-2.0.1.tgz"
  dependencies:
    safe-buffer "5.1.2"

body-parser@1.18.3:
  version "1.18.3"
  resolved "https://registry.npmjs.org/body-parser/-/body-parser-1.18.3.tgz"
  dependencies:
    bytes "3.0.0"
    content-type "~1.0.4"
    debug "2.6.9"
    depd "~1.1.2"
    http-errors "~1.6.3"
    iconv-lite "0.4.23"
    on-finished "~2.3.0"
    qs "6.5.2"
    raw-body "2.3.3"
    type-is "~1.6.16"

brace-expansion@^1.1.7:
  version "1.1.11"
  resolved "https://registry.npmjs.org/brace-expansion/-/brace-expansion-1.1.11.tgz"
  dependencies:
    balanced-match "^1.0.0"
    concat-map "0.0.1"

bytes@3.0.0:
  version "3.0.0"
  resolved "https://registry.npmjs.org/bytes/-/bytes-3.0.0.tgz"

chalk@^4.0.2:
  version "4.1.2"
  resolved "https://registry.yarnpkg.com/chalk/-/chalk-4.1.2.tgz#aac4e2b7734a740867aeb16bf02aad556a1e7a01"
  dependencies:
    ansi-styles "^4.1.0"
    supports-color "^7.1.0"

character-parser@~1.0.0:
  version "1.0.2"
  resolved "https://registry.npmjs.org/character-parser/-/character-parser-1.0.2.tgz"

color-convert@^2.0.1:
  version "2.0.1"
  resolved "https://registry.yarnpkg.com/color-convert/-/color-convert-2.0.1.tgz#72d3a68d598c9bdb3af2ad1e84f21d896abd4de3"
  dependencies:
    color-name "~1.1.4"

color-name@~1.1.4:
  version "1.1.4"
  resolved "https://registry.yarnpkg.com/color-name/-/color-name-1.1.4.tgz#c2a09a87acbde69543de6f63fa3995c826c536a2"

commander@0.6.1:
  version "0.6.1"
  resolved "https://registry.npmjs.org/commander/-/commander-0.6.1.tgz"

concat-map@0.0.1:
  version "0.0.1"
  resolved "https://registry.npmjs.org/concat-map/-/concat-map-0.0.1.tgz"

content-disposition@0.5.2:
  version "0.5.2"
  resolved "https://registry.npmjs.org/content-disposition/-/content-disposition-0.5.2.tgz"

content-type@~1.0.4:
  version "1.0.4"
  resolved "https://registry.npmjs.org/content-type/-/content-type-1.0.4.tgz"

cookie-parser@^1.4.6:
  version "1.4.6"
  resolved "https://registry.npmjs.org/cookie-parser/-/cookie-parser-1.4.6.tgz"
  dependencies:
    cookie "0.4.1"
    cookie-signature "1.0.6"

cookie-signature@1.0.6:
  version "1.0.6"
  resolved "https://registry.npmjs.org/cookie-signature/-/cookie-signature-1.0.6.tgz"

cookie@0.3.1:
  version "0.3.1"
  resolved "https://registry.npmjs.org/cookie/-/cookie-0.3.1.tgz"

cookie@0.4.1:
  version "0.4.1"
  resolved "https://registry.npmjs.org/cookie/-/cookie-0.4.1.tgz"

debug@2.6.9, debug@~2.6.9:
  version "2.6.9"
  resolved "https://registry.npmjs.org/debug/-/debug-2.6.9.tgz"
  dependencies:
    ms "2.0.0"

decode-uri-component@^0.2.0:
  version "0.2.0"
  resolved "https://registry.npmjs.org/decode-uri-component/-/decode-uri-component-0.2.0.tgz"

depd@~1.1.2:
  version "1.1.2"
  resolved "https://registry.npmjs.org/depd/-/depd-1.1.2.tgz"

depd@~2.0.0:
  version "2.0.0"
  resolved "https://registry.npmjs.org/depd/-/depd-2.0.0.tgz"

destroy@~1.0.4:
  version "1.0.4"
  resolved "https://registry.npmjs.org/destroy/-/destroy-1.0.4.tgz"

dotenv@^8.2.0:
  version "8.6.0"
  resolved "https://registry.npmjs.org/dotenv/-/dotenv-8.6.0.tgz"

ee-first@1.1.1:
  version "1.1.1"
  resolved "https://registry.npmjs.org/ee-first/-/ee-first-1.1.1.tgz"

ejs@^3.1.7:
  version "3.1.7"
  resolved "https://registry.yarnpkg.com/ejs/-/ejs-3.1.7.tgz#c544d9c7f715783dd92f0bddcf73a59e6962d006"
  dependencies:
    jake "^10.8.5"

encodeurl@~1.0.2:
  version "1.0.2"
  resolved "https://registry.npmjs.org/encodeurl/-/encodeurl-1.0.2.tgz"

escape-html@~1.0.3:
  version "1.0.3"
  resolved "https://registry.npmjs.org/escape-html/-/escape-html-1.0.3.tgz"

etag@~1.8.1:
  version "1.8.1"
  resolved "https://registry.npmjs.org/etag/-/etag-1.8.1.tgz"

express-session@^1.17.2:
  version "1.17.2"
  resolved "https://registry.npmjs.org/express-session/-/express-session-1.17.2.tgz"
  dependencies:
    cookie "0.4.1"
    cookie-signature "1.0.6"
    debug "2.6.9"
    depd "~2.0.0"
    on-headers "~1.0.2"
    parseurl "~1.3.3"
    safe-buffer "5.2.1"
    uid-safe "~2.1.5"

express@~4.16.1:
  version "4.16.4"
  resolved "https://registry.npmjs.org/express/-/express-4.16.4.tgz"
  dependencies:
    accepts "~1.3.5"
    array-flatten "1.1.1"
    body-parser "1.18.3"
    content-disposition "0.5.2"
    content-type "~1.0.4"
    cookie "0.3.1"
    cookie-signature "1.0.6"
    debug "2.6.9"
    depd "~1.1.2"
    encodeurl "~1.0.2"
    escape-html "~1.0.3"
    etag "~1.8.1"
    finalhandler "1.1.1"
    fresh "0.5.2"
    merge-descriptors "1.0.1"
    methods "~1.1.2"
    on-finished "~2.3.0"
    parseurl "~1.3.2"
    path-to-regexp "0.1.7"
    proxy-addr "~2.0.4"
    qs "6.5.2"
    range-parser "~1.2.0"
    safe-buffer "5.1.2"
    send "0.16.2"
    serve-static "1.13.2"
    setprototypeof "1.1.0"
    statuses "~1.4.0"
    type-is "~1.6.16"
    utils-merge "1.0.1"
    vary "~1.1.2"

filelist@^1.0.1:
  version "1.0.2"
  resolved "https://registry.npmjs.org/filelist/-/filelist-1.0.2.tgz"
  dependencies:
    minimatch "^3.0.4"

filter-obj@^1.1.0:
  version "1.1.0"
  resolved "https://registry.npmjs.org/filter-obj/-/filter-obj-1.1.0.tgz"

finalhandler@1.1.1:
  version "1.1.1"
  resolved "https://registry.npmjs.org/finalhandler/-/finalhandler-1.1.1.tgz"
  dependencies:
    debug "2.6.9"
    encodeurl "~1.0.2"
    escape-html "~1.0.3"
    on-finished "~2.3.0"
    parseurl "~1.3.2"
    statuses "~1.4.0"
    unpipe "~1.0.0"

follow-redirects@^1.14.0:
  version "1.14.8"
  resolved "https://registry.npmjs.org/follow-redirects/-/follow-redirects-1.14.8.tgz"

forwarded@0.2.0:
  version "0.2.0"
  resolved "https://registry.npmjs.org/forwarded/-/forwarded-0.2.0.tgz"

fresh@0.5.2:
  version "0.5.2"
  resolved "https://registry.npmjs.org/fresh/-/fresh-0.5.2.tgz"

has-flag@^4.0.0:
  version "4.0.0"
  resolved "https://registry.yarnpkg.com/has-flag/-/has-flag-4.0.0.tgz#944771fd9c81c81265c4d6941860da06bb59479b"

http-errors@1.6.3, http-errors@~1.6.2, http-errors@~1.6.3:
  version "1.6.3"
  resolved "https://registry.npmjs.org/http-errors/-/http-errors-1.6.3.tgz"
  dependencies:
    depd "~1.1.2"
    inherits "2.0.3"
    setprototypeof "1.1.0"
    statuses ">= 1.4.0 < 2"

iconv-lite@0.4.23:
  version "0.4.23"
  resolved "https://registry.npmjs.org/iconv-lite/-/iconv-lite-0.4.23.tgz"
  dependencies:
    safer-buffer ">= 2.1.2 < 3"

inherits@2.0.3:
  version "2.0.3"
  resolved "https://registry.npmjs.org/inherits/-/inherits-2.0.3.tgz"

ipaddr.js@1.9.1:
  version "1.9.1"
  resolved "https://registry.npmjs.org/ipaddr.js/-/ipaddr.js-1.9.1.tgz"

is-promise@~1:
  version "1.0.1"
  resolved "https://registry.npmjs.org/is-promise/-/is-promise-1.0.1.tgz"

jade@^0.29.0:
  version "0.29.0"
  resolved "https://registry.npmjs.org/jade/-/jade-0.29.0.tgz"
  dependencies:
    character-parser "~1.0.0"
    commander "0.6.1"
    mkdirp "0.3.x"
    monocle "~0.1.43"
    transformers "~1.8.0"

jake@^10.8.5:
  version "10.8.5"
  resolved "https://registry.yarnpkg.com/jake/-/jake-10.8.5.tgz#f2183d2c59382cb274226034543b9c03b8164c46"
  dependencies:
    async "^3.2.3"
    chalk "^4.0.2"
    filelist "^1.0.1"
    minimatch "^3.0.4"

media-typer@0.3.0:
  version "0.3.0"
  resolved "https://registry.npmjs.org/media-typer/-/media-typer-0.3.0.tgz"

merge-descriptors@1.0.1:
  version "1.0.1"
  resolved "https://registry.npmjs.org/merge-descriptors/-/merge-descriptors-1.0.1.tgz"

methods@~1.1.2:
  version "1.1.2"
  resolved "https://registry.npmjs.org/methods/-/methods-1.1.2.tgz"

mime-db@1.49.0:
  version "1.49.0"
  resolved "https://registry.npmjs.org/mime-db/-/mime-db-1.49.0.tgz"

mime-types@~2.1.24:
  version "2.1.32"
  resolved "https://registry.npmjs.org/mime-types/-/mime-types-2.1.32.tgz"
  dependencies:
    mime-db "1.49.0"

mime@1.4.1:
  version "1.4.1"
  resolved "https://registry.npmjs.org/mime/-/mime-1.4.1.tgz"

minimatch@>=0.2.4, minimatch@^3.0.4:
  version "3.0.4"
  resolved "https://registry.npmjs.org/minimatch/-/minimatch-3.0.4.tgz"
  dependencies:
    brace-expansion "^1.1.7"

mkdirp@0.3.x:
  version "0.3.5"
  resolved "https://registry.npmjs.org/mkdirp/-/mkdirp-0.3.5.tgz"

monocle@~0.1.43:
  version "0.1.48"
  resolved "https://registry.npmjs.org/monocle/-/monocle-0.1.48.tgz"
  dependencies:
    readdirp "~0.2.3"

morgan@~1.9.1:
  version "1.9.1"
  resolved "https://registry.npmjs.org/morgan/-/morgan-1.9.1.tgz"
  dependencies:
    basic-auth "~2.0.0"
    debug "2.6.9"
    depd "~1.1.2"
    on-finished "~2.3.0"
    on-headers "~1.0.1"

ms@2.0.0:
  version "2.0.0"
  resolved "https://registry.npmjs.org/ms/-/ms-2.0.0.tgz"

negotiator@0.6.2:
  version "0.6.2"
  resolved "https://registry.npmjs.org/negotiator/-/negotiator-0.6.2.tgz"

on-finished@~2.3.0:
  version "2.3.0"
  resolved "https://registry.npmjs.org/on-finished/-/on-finished-2.3.0.tgz"
  dependencies:
    ee-first "1.1.1"

on-headers@~1.0.1, on-headers@~1.0.2:
  version "1.0.2"
  resolved "https://registry.npmjs.org/on-headers/-/on-headers-1.0.2.tgz"

parseurl@~1.3.2, parseurl@~1.3.3:
  version "1.3.3"
  resolved "https://registry.npmjs.org/parseurl/-/parseurl-1.3.3.tgz"

path-to-regexp@0.1.7:
  version "0.1.7"
  resolved "https://registry.npmjs.org/path-to-regexp/-/path-to-regexp-0.1.7.tgz"

pluralize@8.0.0:
  version "8.0.0"
  resolved "https://registry.npmjs.org/pluralize/-/pluralize-8.0.0.tgz"

promise@~2.0:
  version "2.0.0"
  resolved "https://registry.npmjs.org/promise/-/promise-2.0.0.tgz"
  dependencies:
    is-promise "~1"

proxy-addr@~2.0.4:
  version "2.0.7"
  resolved "https://registry.npmjs.org/proxy-addr/-/proxy-addr-2.0.7.tgz"
  dependencies:
    forwarded "0.2.0"
    ipaddr.js "1.9.1"

qs@6.5.2:
  version "6.5.2"
  resolved "https://registry.npmjs.org/qs/-/qs-6.5.2.tgz"

query-string@7.0.1:
  version "7.0.1"
  resolved "https://registry.npmjs.org/query-string/-/query-string-7.0.1.tgz"
  dependencies:
    decode-uri-component "^0.2.0"
    filter-obj "^1.1.0"
    split-on-first "^1.0.0"
    strict-uri-encode "^2.0.0"

random-bytes@~1.0.0:
  version "1.0.0"
  resolved "https://registry.npmjs.org/random-bytes/-/random-bytes-1.0.0.tgz"

range-parser@~1.2.0:
  version "1.2.1"
  resolved "https://registry.npmjs.org/range-parser/-/range-parser-1.2.1.tgz"

raw-body@2.3.3:
  version "2.3.3"
  resolved "https://registry.npmjs.org/raw-body/-/raw-body-2.3.3.tgz"
  dependencies:
    bytes "3.0.0"
    http-errors "1.6.3"
    iconv-lite "0.4.23"
    unpipe "1.0.0"

readdirp@~0.2.3:
  version "0.2.5"
  resolved "https://registry.npmjs.org/readdirp/-/readdirp-0.2.5.tgz"
  dependencies:
    minimatch ">=0.2.4"

safe-buffer@5.1.2:
  version "5.1.2"
  resolved "https://registry.npmjs.org/safe-buffer/-/safe-buffer-5.1.2.tgz"

safe-buffer@5.2.1:
  version "5.2.1"
  resolved "https://registry.npmjs.org/safe-buffer/-/safe-buffer-5.2.1.tgz"

"safer-buffer@>= 2.1.2 < 3":
  version "2.1.2"
  resolved "https://registry.npmjs.org/safer-buffer/-/safer-buffer-2.1.2.tgz"

send@0.16.2:
  version "0.16.2"
  resolved "https://registry.npmjs.org/send/-/send-0.16.2.tgz"
  dependencies:
    debug "2.6.9"
    depd "~1.1.2"
    destroy "~1.0.4"
    encodeurl "~1.0.2"
    escape-html "~1.0.3"
    etag "~1.8.1"
    fresh "0.5.2"
    http-errors "~1.6.2"
    mime "1.4.1"
    ms "2.0.0"
    on-finished "~2.3.0"
    range-parser "~1.2.0"
    statuses "~1.4.0"

serve-static@1.13.2:
  version "1.13.2"
  resolved "https://registry.npmjs.org/serve-static/-/serve-static-1.13.2.tgz"
  dependencies:
    encodeurl "~1.0.2"
    escape-html "~1.0.3"
    parseurl "~1.3.2"
    send "0.16.2"

setprototypeof@1.1.0:
  version "1.1.0"
  resolved "https://registry.npmjs.org/setprototypeof/-/setprototypeof-1.1.0.tgz"

split-on-first@^1.0.0:
  version "1.1.0"
  resolved "https://registry.npmjs.org/split-on-first/-/split-on-first-1.1.0.tgz"

"statuses@>= 1.4.0 < 2", statuses@~1.4.0:
  version "1.4.0"
  resolved "https://registry.npmjs.org/statuses/-/statuses-1.4.0.tgz"

strict-uri-encode@^2.0.0:
  version "2.0.0"
  resolved "https://registry.npmjs.org/strict-uri-encode/-/strict-uri-encode-2.0.0.tgz"

supports-color@^7.1.0:
  version "7.2.0"
  resolved "https://registry.yarnpkg.com/supports-color/-/supports-color-7.2.0.tgz#1b7dcdcb32b8138801b3e478ba6a51caa89648da"
  dependencies:
    has-flag "^4.0.0"

transformers@~1.8.0:
  version "1.8.3"
  resolved "https://registry.npmjs.org/transformers/-/transformers-1.8.3.tgz"
  dependencies:
    promise "~2.0"

type-is@~1.6.16:
  version "1.6.18"
  resolved "https://registry.npmjs.org/type-is/-/type-is-1.6.18.tgz"
  dependencies:
    media-typer "0.3.0"
    mime-types "~2.1.24"

uid-safe@~2.1.5:
  version "2.1.5"
  resolved "https://registry.npmjs.org/uid-safe/-/uid-safe-2.1.5.tgz"
  dependencies:
    random-bytes "~1.0.0"

unpipe@1.0.0, unpipe@~1.0.0:
  version "1.0.0"
  resolved "https://registry.npmjs.org/unpipe/-/unpipe-1.0.0.tgz"

utils-merge@1.0.1:
  version "1.0.1"
  resolved "https://registry.npmjs.org/utils-merge/-/utils-merge-1.0.1.tgz"

vary@~1.1.2:
  version "1.1.2"
  resolved "https://registry.npmjs.org/vary/-/vary-1.1.2.tgz"
